
Microsoft Visual Studio Solution File, Format Version 12.00
# Visual Studio Version 17
VisualStudioVersion = 17.2.32630.192
MinimumVisualStudioVersion = 10.0.40219.1
Project("{FAE04EC0-301F-11D3-BF4B-00C04F79EFBC}") = "ConsoleApp1", "ConsoleApp1\ConsoleApp1.csproj", "{EB349440-F8A0-4B35-97E6-FD33AF920211}"
EndProject
Global
	GlobalSection(SolutionConfigurationPlatforms) = preSolution
		Debug|Any CPU = Debug|Any CPU
		Release|Any CPU = Release|Any CPU
	EndGlobalSection
	GlobalSection(ProjectConfigurationPlatforms) = postSolution
		{EB349440-F8A0-4B35-97E6-FD33AF920211}.Debug|Any CPU.ActiveCfg = Debug|Any CPU
		{EB349440-F8A0-4B35-97E6-FD33AF920211}.Debug|Any CPU.Build.0 = Debug|Any CPU
		{EB349440-F8A0-4B35-97E6-FD33AF920211}.Release|Any CPU.ActiveCfg = Release|Any CPU
		{EB349440-F8A0-4B35-97E6-FD33AF920211}.Release|Any CPU.Build.0 = Release|Any CPU
	EndGlobalSection
	GlobalSection(SolutionProperties) = preSolution
		HideSolutionNode = FALSE
	EndGlobalSection
	GlobalSection(ExtensibilityGlobals) = postSolution
		SolutionGuid = {3BEC0BD8-3517-4DBF-A551-7A4BD1B0C529}
	EndGlobalSection
EndGlobal
